
Microsoft Visual Studio Solution File, Format Version 12.00
# Visual Studio Version 17
VisualStudioVersion = 17.5.002.0
MinimumVisualStudioVersion = 10.0.40219.1
Project("{9A19103F-16F7-4668-BE54-9A1E7A4F7556}") = "SaveEditor", "SaveEditor.csproj", "{818FEF65-75D5-4592-A073-CD530D14C5D8}"
EndProject
Global
	GlobalSection(SolutionConfigurationPlatforms) = preSolution
		Debug|Any CPU = Debug|Any CPU
		Release|Any CPU = Release|Any CPU
	EndGlobalSection
	GlobalSection(ProjectConfigurationPlatforms) = postSolution
		{818FEF65-75D5-4592-A073-CD530D14C5D8}.Debug|Any CPU.ActiveCfg = Debug|Any CPU
		{818FEF65-75D5-4592-A073-CD530D14C5D8}.Debug|Any CPU.Build.0 = Debug|Any CPU
		{818FEF65-75D5-4592-A073-CD530D14C5D8}.Release|Any CPU.ActiveCfg = Release|Any CPU
		{818FEF65-75D5-4592-A073-CD530D14C5D8}.Release|Any CPU.Build.0 = Release|Any CPU
	EndGlobalSection
	GlobalSection(SolutionProperties) = preSolution
		HideSolutionNode = FALSE
	EndGlobalSection
	GlobalSection(ExtensibilityGlobals) = postSolution
		SolutionGuid = {3E888FAE-0146-417B-8EAC-FF6CE6FD40FD}
	EndGlobalSection
EndGlobal
